// !$*UTF8*$!
{
	archiveVersion = 1;
	classes = {
	};
	objectVersion = 50;
	objects = {

/* Begin PBXBuildFile section */
		C6208E7A21FF7C0C0080A65F /* AppDelegate.swift in Sources */ = {isa = PBXBuildFile; fileRef = C6208E7921FF7C0C0080A65F /* AppDelegate.swift */; };
		C6208E8021FF7C0C0080A65F /* GameScene.swift in Sources */ = {isa = PBXBuildFile; fileRef = C6208E7F21FF7C0C0080A65F /* GameScene.swift */; };
		C6208E8221FF7C0C0080A65F /* GameViewController.swift in Sources */ = {isa = PBXBuildFile; fileRef = C6208E8121FF7C0C0080A65F /* GameViewController.swift */; };
		C6208E8521FF7C0C0080A65F /* Main.storyboard in Resources */ = {isa = PBXBuildFile; fileRef = C6208E8321FF7C0C0080A65F /* Main.storyboard */; };
		C6208E8721FF7C0E0080A65F /* Assets.xcassets in Resources */ = {isa = PBXBuildFile; fileRef = C6208E8621FF7C0E0080A65F /* Assets.xcassets */; };
		C6208E8A21FF7C0E0080A65F /* LaunchScreen.storyboard in Resources */ = {isa = PBXBuildFile; fileRef = C6208E8821FF7C0E0080A65F /* LaunchScreen.storyboard */; };
		C6208E9321FF7D030080A65F /* Mockup.png in Resources */ = {isa = PBXBuildFile; fileRef = C6208E9221FF7D030080A65F /* Mockup.png */; };
		C6208E9521FF7D660080A65F /* GameScene+TouchEvents.swift in Sources */ = {isa = PBXBuildFile; fileRef = C6208E9421FF7D660080A65F /* GameScene+TouchEvents.swift */; };
		C6208E9721FF7DA30080A65F /* GameScene+Loops.swift in Sources */ = {isa = PBXBuildFile; fileRef = C6208E9621FF7DA30080A65F /* GameScene+Loops.swift */; };
		C6208EA021FF809F0080A65F /* VHS_Shader.fsh in Resources */ = {isa = PBXBuildFile; fileRef = C6208E9F21FF809F0080A65F /* VHS_Shader.fsh */; };
/* End PBXBuildFile section */

/* Begin PBXFileReference section */
		C6208E7621FF7C0C0080A65F /* SKVHSEffect.app */ = {isa = PBXFileReference; explicitFileType = wrapper.application; includeInIndex = 0; path = SKVHSEffect.app; sourceTree = BUILT_PRODUCTS_DIR; };
		C6208E7921FF7C0C0080A65F /* AppDelegate.swift */ = {isa = PBXFileReference; lastKnownFileType = sourcecode.swift; path = AppDelegate.swift; sourceTree = "<group>"; };
		C6208E7F21FF7C0C0080A65F /* GameScene.swift */ = {isa = PBXFileReference; lastKnownFileType = sourcecode.swift; path = GameScene.swift; sourceTree = "<group>"; };
		C6208E8121FF7C0C0080A65F /* GameViewController.swift */ = {isa = PBXFileReference; lastKnownFileType = sourcecode.swift; path = GameViewController.swift; sourceTree = "<group>"; };
		C6208E8421FF7C0C0080A65F /* Base */ = {isa = PBXFileReference; lastKnownFileType = file.storyboard; name = Base; path = Base.lproj/Main.storyboard; sourceTree = "<group>"; };
		C6208E8621FF7C0E0080A65F /* Assets.xcassets */ = {isa = PBXFileReference; lastKnownFileType = folder.assetcatalog; path = Assets.xcassets; sourceTree = "<group>"; };
		C6208E8921FF7C0E0080A65F /* Base */ = {isa = PBXFileReference; lastKnownFileType = file.storyboard; name = Base; path = Base.lproj/LaunchScreen.storyboard; sourceTree = "<group>"; };
		C6208E8B21FF7C0E0080A65F /* Info.plist */ = {isa = PBXFileReference; lastKnownFileType = text.plist.xml; path = Info.plist; sourceTree = "<group>"; };
		C6208E9221FF7D030080A65F /* Mockup.png */ = {isa = PBXFileReference; lastKnownFileType = image.png; path = Mockup.png; sourceTree = "<group>"; };
		C6208E9421FF7D660080A65F /* GameScene+TouchEvents.swift */ = {isa = PBXFileReference; lastKnownFileType = sourcecode.swift; path = "GameScene+TouchEvents.swift"; sourceTree = "<group>"; };
		C6208E9621FF7DA30080A65F /* GameScene+Loops.swift */ = {isa = PBXFileReference; lastKnownFileType = sourcecode.swift; path = "GameScene+Loops.swift"; sourceTree = "<group>"; };
		C6208E9F21FF809F0080A65F /* VHS_Shader.fsh */ = {isa = PBXFileReference; fileEncoding = 4; lastKnownFileType = sourcecode.glsl; path = VHS_Shader.fsh; sourceTree = "<group>"; };
/* End PBXFileReference section */

/* Begin PBXFrameworksBuildPhase section */
		C6208E7321FF7C0C0080A65F /* Frameworks */ = {
			isa = PBXFrameworksBuildPhase;
			buildActionMask = 2147483647;
			files = (
			);
			runOnlyForDeploymentPostprocessing = 0;
		};
/* End PBXFrameworksBuildPhase section */

/* Begin PBXGroup section */
		C6208E6D21FF7C0C0080A65F = {
			isa = PBXGroup;
			children = (
				C6208E7821FF7C0C0080A65F /* SKVHSEffect */,
				C6208E7721FF7C0C0080A65F /* Products */,
			);
			sourceTree = "<group>";
		};
		C6208E7721FF7C0C0080A65F /* Products */ = {
			isa = PBXGroup;
			children = (
				C6208E7621FF7C0C0080A65F /* SKVHSEffect.app */,
			);
			name = Products;
			sourceTree = "<group>";
		};
		C6208E7821FF7C0C0080A65F /* SKVHSEffect */ = {
			isa = PBXGroup;
			children = (
				C6208E8B21FF7C0E0080A65F /* Info.plist */,
				C6208E9E21FF7E270080A65F /* Managers */,
				C6208E9C21FF7DFD0080A65F /* Scenes */,
				C6208E9921FF7DBB0080A65F /* Entities */,
				C6208E9821FF7DB50080A65F /* Core */,
				C6208E9121FF7CFB0080A65F /* Resources */,
			);
			path = SKVHSEffect;
			sourceTree = "<group>";
		};
		C6208E9121FF7CFB0080A65F /* Resources */ = {
			isa = PBXGroup;
			children = (
				C6208E9B21FF7DCC0080A65F /* Source Images */,
				C6208E9A21FF7DC50080A65F /* Shaders */,
			);
			path = Resources;
			sourceTree = "<group>";
		};
		C6208E9821FF7DB50080A65F /* Core */ = {
			isa = PBXGroup;
			children = (
				C6208E7921FF7C0C0080A65F /* AppDelegate.swift */,
				C6208E8321FF7C0C0080A65F /* Main.storyboard */,
				C6208E8621FF7C0E0080A65F /* Assets.xcassets */,
				C6208E8821FF7C0E0080A65F /* LaunchScreen.storyboard */,
			);
			path = Core;
			sourceTree = "<group>";
		};
		C6208E9921FF7DBB0080A65F /* Entities */ = {
			isa = PBXGroup;
			children = (
			);
			path = Entities;
			sourceTree = "<group>";
		};
		C6208E9A21FF7DC50080A65F /* Shaders */ = {
			isa = PBXGroup;
			children = (
				C6208E9F21FF809F0080A65F /* VHS_Shader.fsh */,
			);
			path = Shaders;
			sourceTree = "<group>";
		};
		C6208E9B21FF7DCC0080A65F /* Source Images */ = {
			isa = PBXGroup;
			children = (
				C6208E9221FF7D030080A65F /* Mockup.png */,
			);
			path = "Source Images";
			sourceTree = "<group>";
		};
		C6208E9C21FF7DFD0080A65F /* Scenes */ = {
			isa = PBXGroup;
			children = (
				C6208E9D21FF7E130080A65F /* Extensions */,
				C6208E7F21FF7C0C0080A65F /* GameScene.swift */,
			);
			name = Scenes;
			path = "New Group";
			sourceTree = "<group>";
		};
		C6208E9D21FF7E130080A65F /* Extensions */ = {
			isa = PBXGroup;
			children = (
				C6208E9421FF7D660080A65F /* GameScene+TouchEvents.swift */,
				C6208E9621FF7DA30080A65F /* GameScene+Loops.swift */,
			);
			path = Extensions;
			sourceTree = "<group>";
		};
		C6208E9E21FF7E270080A65F /* Managers */ = {
			isa = PBXGroup;
			children = (
				C6208E8121FF7C0C0080A65F /* GameViewController.swift */,
			);
			path = Managers;
			sourceTree = "<group>";
		};
/* End PBXGroup section */

/* Begin PBXNativeTarget section */
		C6208E7521FF7C0C0080A65F /* SKVHSEffect */ = {
			isa = PBXNativeTarget;
			buildConfigurationList = C6208E8E21FF7C0E0080A65F /* Build configuration list for PBXNativeTarget "SKVHSEffect" */;
			buildPhases = (
				C6208E7221FF7C0C0080A65F /* Sources */,
				C6208E7321FF7C0C0080A65F /* Frameworks */,
				C6208E7421FF7C0C0080A65F /* Resources */,
			);
			buildRules = (
			);
			dependencies = (
			);
			name = SKVHSEffect;
			productName = SKVHSEffect;
			productReference = C6208E7621FF7C0C0080A65F /* SKVHSEffect.app */;
			productType = "com.apple.product-type.application";
		};
/* End PBXNativeTarget section */

/* Begin PBXProject section */
		C6208E6E21FF7C0C0080A65F /* Project object */ = {
			isa = PBXProject;
			attributes = {
				LastSwiftUpdateCheck = 1010;
				LastUpgradeCheck = 1010;
				ORGANIZATIONNAME = "Marcos Morais";
				TargetAttributes = {
					C6208E7521FF7C0C0080A65F = {
						CreatedOnToolsVersion = 10.1;
					};
				};
			};
			buildConfigurationList = C6208E7121FF7C0C0080A65F /* Build configuration list for PBXProject "SKVHSEffect" */;
			compatibilityVersion = "Xcode 9.3";
			developmentRegion = en;
			hasScannedForEncodings = 0;
			knownRegions = (
				en,
				Base,
			);
			mainGroup = C6208E6D21FF7C0C0080A65F;
			productRefGroup = C6208E7721FF7C0C0080A65F /* Products */;
			projectDirPath = "";
			projectRoot = "";
			targets = (
				C6208E7521FF7C0C0080A65F /* SKVHSEffect */,
			);
		};
/* End PBXProject section */

/* Begin PBXResourcesBuildPhase section */
		C6208E7421FF7C0C0080A65F /* Resources */ = {
			isa = PBXResourcesBuildPhase;
			buildActionMask = 2147483647;
			files = (
				C6208EA021FF809F0080A65F /* VHS_Shader.fsh in Resources */,
				C6208E9321FF7D030080A65F /* Mockup.png in Resources */,
				C6208E8521FF7C0C0080A65F /* Main.storyboard in Resources */,
				C6208E8721FF7C0E0080A65F /* Assets.xcassets in Resources */,
				C6208E8A21FF7C0E0080A65F /* LaunchScreen.storyboard in Resources */,
			);
			runOnlyForDeploymentPostprocessing = 0;
		};
/* End PBXResourcesBuildPhase section */

/* Begin PBXSourcesBuildPhase section */
		C6208E7221FF7C0C0080A65F /* Sources */ = {
			isa = PBXSourcesBuildPhase;
			buildActionMask = 2147483647;
			files = (
				C6208E8021FF7C0C0080A65F /* GameScene.swift in Sources */,
				C6208E8221FF7C0C0080A65F /* GameViewController.swift in Sources */,
				C6208E7A21FF7C0C0080A65F /* AppDelegate.swift in Sources */,
				C6208E9721FF7DA30080A65F /* GameScene+Loops.swift in Sources */,
				C6208E9521FF7D660080A65F /* GameScene+TouchEvents.swift in Sources */,
			);
			runOnlyForDeploymentPostprocessing = 0;
		};
/* End PBXSourcesBuildPhase section */

/* Begin PBXVariantGroup section */
		C6208E8321FF7C0C0080A65F /* Main.storyboard */ = {
			isa = PBXVariantGroup;
			children = (
				C6208E8421FF7C0C0080A65F /* Base */,
			);
			name = Main.storyboard;
			sourceTree = "<group>";
		};
		C6208E8821FF7C0E0080A65F /* LaunchScreen.storyboard */ = {
			isa = PBXVariantGroup;
			children = (
				C6208E8921FF7C0E0080A65F /* Base */,
			);
			name = LaunchScreen.storyboard;
			sourceTree = "<group>";
		};
/* End PBXVariantGroup section */

/* Begin XCBuildConfiguration section */
		C6208E8C21FF7C0E0080A65F /* Debug */ = {
			isa = XCBuildConfiguration;
			buildSettings = {
				ALWAYS_SEARCH_USER_PATHS = NO;
				CLANG_ANALYZER_NONNULL = YES;
				CLANG_ANALYZER_NUMBER_OBJECT_CONVERSION = YES_AGGRESSIVE;
				CLANG_CXX_LANGUAGE_STANDARD = "gnu++14";
				CLANG_CXX_LIBRARY = "libc++";
				CLANG_ENABLE_MODULES = YES;
				CLANG_ENABLE_OBJC_ARC = YES;
				CLANG_ENABLE_OBJC_WEAK = YES;
				CLANG_WARN_BLOCK_CAPTURE_AUTORELEASING = YES;
				CLANG_WARN_BOOL_CONVERSION = YES;
				CLANG_WARN_COMMA = YES;
				CLANG_WARN_CONSTANT_CONVERSION = YES;
				CLANG_WARN_DEPRECATED_OBJC_IMPLEMENTATIONS = YES;
				CLANG_WARN_DIRECT_OBJC_ISA_USAGE = YES_ERROR;
				CLANG_WARN_DOCUMENTATION_COMMENTS = YES;
				CLANG_WARN_EMPTY_BODY = YES;
				CLANG_WARN_ENUM_CONVERSION = YES;
				CLANG_WARN_INFINITE_RECURSION = YES;
				CLANG_WARN_INT_CONVERSION = YES;
				CLANG_WARN_NON_LITERAL_NULL_CONVERSION = YES;
				CLANG_WARN_OBJC_IMPLICIT_RETAIN_SELF = YES;
				CLANG_WARN_OBJC_LITERAL_CONVERSION = YES;
				CLANG_WARN_OBJC_ROOT_CLASS = YES_ERROR;
				CLANG_WARN_RANGE_LOOP_ANALYSIS = YES;
				CLANG_WARN_STRICT_PROTOTYPES = YES;
				CLANG_WARN_SUSPICIOUS_MOVE = YES;
				CLANG_WARN_UNGUARDED_AVAILABILITY = YES_AGGRESSIVE;
				CLANG_WARN_UNREACHABLE_CODE = YES;
				CLANG_WARN__DUPLICATE_METHOD_MATCH = YES;
				CODE_SIGN_IDENTITY = "iPhone Developer";
				COPY_PHASE_STRIP = NO;
				DEBUG_INFORMATION_FORMAT = dwarf;
				ENABLE_STRICT_OBJC_MSGSEND = YES;
				ENABLE_TESTABILITY = YES;
				GCC_C_LANGUAGE_STANDARD = gnu11;
				GCC_DYNAMIC_NO_PIC = NO;
				GCC_NO_COMMON_BLOCKS = YES;
				GCC_OPTIMIZATION_LEVEL = 0;
				GCC_PREPROCESSOR_DEFINITIONS = (
					"DEBUG=1",
					"$(inherited)",
				);
				GCC_WARN_64_TO_32_BIT_CONVERSION = YES;
				GCC_WARN_ABOUT_RETURN_TYPE = YES_ERROR;
				GCC_WARN_UNDECLARED_SELECTOR = YES;
				GCC_WARN_UNINITIALIZED_AUTOS = YES_AGGRESSIVE;
				GCC_WARN_UNUSED_FUNCTION = YES;
				GCC_WARN_UNUSED_VARIABLE = YES;
				IPHONEOS_DEPLOYMENT_TARGET = 12.1;
				MTL_ENABLE_DEBUG_INFO = INCLUDE_SOURCE;
				MTL_FAST_MATH = YES;
				ONLY_ACTIVE_ARCH = YES;
				SDKROOT = iphoneos;
				SWIFT_ACTIVE_COMPILATION_CONDITIONS = DEBUG;
				SWIFT_OPTIMIZATION_LEVEL = "-Onone";
			};
			name = Debug;
		};
		C6208E8D21FF7C0E0080A65F /* Release */ = {
			isa = XCBuildConfiguration;
			buildSettings = {
				ALWAYS_SEARCH_USER_PATHS = NO;
				CLANG_ANALYZER_NONNULL = YES;
				CLANG_ANALYZER_NUMBER_OBJECT_CONVERSION = YES_AGGRESSIVE;
				CLANG_CXX_LANGUAGE_STANDARD = "gnu++14";
				CLANG_CXX_LIBRARY = "libc++";
				CLANG_ENABLE_MODULES = YES;
				CLANG_ENABLE_OBJC_ARC = YES;
				CLANG_ENABLE_OBJC_WEAK = YES;
				CLANG_WARN_BLOCK_CAPTURE_AUTORELEASING = YES;
				CLANG_WARN_BOOL_CONVERSION = YES;
				CLANG_WARN_COMMA = YES;
				CLANG_WARN_CONSTANT_CONVERSION = YES;
				CLANG_WARN_DEPRECATED_OBJC_IMPLEMENTATIONS = YES;
				CLANG_WARN_DIRECT_OBJC_ISA_USAGE = YES_ERROR;
				CLANG_WARN_DOCUMENTATION_COMMENTS = YES;
				CLANG_WARN_EMPTY_BODY = YES;
				CLANG_WARN_ENUM_CONVERSION = YES;
				CLANG_WARN_INFINITE_RECURSION = YES;
				CLANG_WARN_INT_CONVERSION = YES;
				CLANG_WARN_NON_LITERAL_NULL_CONVERSION = YES;
				CLANG_WARN_OBJC_IMPLICIT_RETAIN_SELF = YES;
				CLANG_WARN_OBJC_LITERAL_CONVERSION = YES;
				CLANG_WARN_OBJC_ROOT_CLASS = YES_ERROR;
				CLANG_WARN_RANGE_LOOP_ANALYSIS = YES;
				CLANG_WARN_STRICT_PROTOTYPES = YES;
				CLANG_WARN_SUSPICIOUS_MOVE = YES;
				CLANG_WARN_UNGUARDED_AVAILABILITY = YES_AGGRESSIVE;
				CLANG_WARN_UNREACHABLE_CODE = YES;
				CLANG_WARN__DUPLICATE_METHOD_MATCH = YES;
				CODE_SIGN_IDENTITY = "iPhone Developer";
				COPY_PHASE_STRIP = NO;
				DEBUG_INFORMATION_FORMAT = "dwarf-with-dsym";
				ENABLE_NS_ASSERTIONS = NO;
				ENABLE_STRICT_OBJC_MSGSEND = YES;
				GCC_C_LANGUAGE_STANDARD = gnu11;
				GCC_NO_COMMON_BLOCKS = YES;
				GCC_WARN_64_TO_32_BIT_CONVERSION = YES;
				GCC_WARN_ABOUT_RETURN_TYPE = YES_ERROR;
				GCC_WARN_UNDECLARED_SELECTOR = YES;
				GCC_WARN_UNINITIALIZED_AUTOS = YES_AGGRESSIVE;
				GCC_WARN_UNUSED_FUNCTION = YES;
				GCC_WARN_UNUSED_VARIABLE = YES;
				IPHONEOS_DEPLOYMENT_TARGET = 12.1;
				MTL_ENABLE_DEBUG_INFO = NO;
				MTL_FAST_MATH = YES;
				SDKROOT = iphoneos;
				SWIFT_COMPILATION_MODE = wholemodule;
				SWIFT_OPTIMIZATION_LEVEL = "-O";
				VALIDATE_PRODUCT = YES;
			};
			name = Release;
		};
		C6208E8F21FF7C0E0080A65F /* Debug */ = {
			isa = XCBuildConfiguration;
			buildSettings = {
				ASSETCATALOG_COMPILER_APPICON_NAME = AppIcon;
				CODE_SIGN_STYLE = Automatic;
				DEVELOPMENT_TEAM = "";
				INFOPLIST_FILE = SKVHSEffect/Info.plist;
				LD_RUNPATH_SEARCH_PATHS = (
					"$(inherited)",
					"@executable_path/Frameworks",
				);
				PRODUCT_BUNDLE_IDENTIFIER = com.superbitjourney.SKVHSEffect;
				PRODUCT_NAME = "$(TARGET_NAME)";
				SWIFT_VERSION = 4.2;
				TARGETED_DEVICE_FAMILY = "1,2";
			};
			name = Debug;
		};
		C6208E9021FF7C0E0080A65F /* Release */ = {
			isa = XCBuildConfiguration;
			buildSettings = {
				ASSETCATALOG_COMPILER_APPICON_NAME = AppIcon;
				CODE_SIGN_STYLE = Automatic;
				DEVELOPMENT_TEAM = "";
				INFOPLIST_FILE = SKVHSEffect/Info.plist;
				LD_RUNPATH_SEARCH_PATHS = (
					"$(inherited)",
					"@executable_path/Frameworks",
				);
				PRODUCT_BUNDLE_IDENTIFIER = com.superbitjourney.SKVHSEffect;
				PRODUCT_NAME = "$(TARGET_NAME)";
				SWIFT_VERSION = 4.2;
				TARGETED_DEVICE_FAMILY = "1,2";
			};
			name = Release;
		};
/* End XCBuildConfiguration section */

/* Begin XCConfigurationList section */
		C6208E7121FF7C0C0080A65F /* Build configuration list for PBXProject "SKVHSEffect" */ = {
			isa = XCConfigurationList;
			buildConfigurations = (
				C6208E8C21FF7C0E0080A65F /* Debug */,
				C6208E8D21FF7C0E0080A65F /* Release */,
			);
			defaultConfigurationIsVisible = 0;
			defaultConfigurationName = Release;
		};
		C6208E8E21FF7C0E0080A65F /* Build configuration list for PBXNativeTarget "SKVHSEffect" */ = {
			isa = XCConfigurationList;
			buildConfigurations = (
				C6208E8F21FF7C0E0080A65F /* Debug */,
				C6208E9021FF7C0E0080A65F /* Release */,
			);
			defaultConfigurationIsVisible = 0;
			defaultConfigurationName = Release;
		};
/* End XCConfigurationList section */
	};
	rootObject = C6208E6E21FF7C0C0080A65F /* Project object */;
}
